
Microsoft Visual Studio Solution File, Format Version 12.00
# Visual Studio Version 16
VisualStudioVersion = 16.0.31005.135
MinimumVisualStudioVersion = 10.0.40219.1
Project("{FAE04EC0-301F-11D3-BF4B-00C04F79EFBC}") = "InterfataUtilizator", "InterfataUtilizator\InterfataUtilizator.csproj", "{5AFA0E2E-E164-4F6D-9F8D-0A6066101C91}"
EndProject
Project("{FAE04EC0-301F-11D3-BF4B-00C04F79EFBC}") = "NivelAccesDate", "NivelAccesDate\NivelAccesDate.csproj", "{26ABBF21-E928-4A52-8214-BFF8B5948DEB}"
EndProject
Project("{FAE04EC0-301F-11D3-BF4B-00C04F79EFBC}") = "CarClass", "CarClass\CarClass.csproj", "{D744AE5D-56D2-4312-80C4-36081D5AFB49}"
EndProject
Global
	GlobalSection(SolutionConfigurationPlatforms) = preSolution
		Debug|Any CPU = Debug|Any CPU
		Release|Any CPU = Release|Any CPU
	EndGlobalSection
	GlobalSection(ProjectConfigurationPlatforms) = postSolution
		{5AFA0E2E-E164-4F6D-9F8D-0A6066101C91}.Debug|Any CPU.ActiveCfg = Debug|Any CPU
		{5AFA0E2E-E164-4F6D-9F8D-0A6066101C91}.Debug|Any CPU.Build.0 = Debug|Any CPU
		{5AFA0E2E-E164-4F6D-9F8D-0A6066101C91}.Release|Any CPU.ActiveCfg = Release|Any CPU
		{5AFA0E2E-E164-4F6D-9F8D-0A6066101C91}.Release|Any CPU.Build.0 = Release|Any CPU
		{26ABBF21-E928-4A52-8214-BFF8B5948DEB}.Debug|Any CPU.ActiveCfg = Debug|Any CPU
		{26ABBF21-E928-4A52-8214-BFF8B5948DEB}.Debug|Any CPU.Build.0 = Debug|Any CPU
		{26ABBF21-E928-4A52-8214-BFF8B5948DEB}.Release|Any CPU.ActiveCfg = Release|Any CPU
		{26ABBF21-E928-4A52-8214-BFF8B5948DEB}.Release|Any CPU.Build.0 = Release|Any CPU
		{D744AE5D-56D2-4312-80C4-36081D5AFB49}.Debug|Any CPU.ActiveCfg = Debug|Any CPU
		{D744AE5D-56D2-4312-80C4-36081D5AFB49}.Debug|Any CPU.Build.0 = Debug|Any CPU
		{D744AE5D-56D2-4312-80C4-36081D5AFB49}.Release|Any CPU.ActiveCfg = Release|Any CPU
		{D744AE5D-56D2-4312-80C4-36081D5AFB49}.Release|Any CPU.Build.0 = Release|Any CPU
	EndGlobalSection
	GlobalSection(SolutionProperties) = preSolution
		HideSolutionNode = FALSE
	EndGlobalSection
	GlobalSection(ExtensibilityGlobals) = postSolution
		SolutionGuid = {C0921870-70AD-4CF8-9A1C-F80CC1630725}
	EndGlobalSection
EndGlobal
